
Microsoft Visual Studio Solution File, Format Version 12.00
# Visual Studio 15
VisualStudioVersion = 15.0.28010.2048
MinimumVisualStudioVersion = 10.0.40219.1
Project("{FAE04EC0-301F-11D3-BF4B-00C04F79EFBC}") = "GFontClipper", "GFontClipper\GFontClipper.csproj", "{B8683C95-C07F-4919-A09E-6981F4A94CA0}"
EndProject
Global
	GlobalSection(SolutionConfigurationPlatforms) = preSolution
		Debug|Any CPU = Debug|Any CPU
		Release|Any CPU = Release|Any CPU
	EndGlobalSection
	GlobalSection(ProjectConfigurationPlatforms) = postSolution
		{B8683C95-C07F-4919-A09E-6981F4A94CA0}.Debug|Any CPU.ActiveCfg = Debug|Any CPU
		{B8683C95-C07F-4919-A09E-6981F4A94CA0}.Debug|Any CPU.Build.0 = Debug|Any CPU
		{B8683C95-C07F-4919-A09E-6981F4A94CA0}.Release|Any CPU.ActiveCfg = Release|Any CPU
		{B8683C95-C07F-4919-A09E-6981F4A94CA0}.Release|Any CPU.Build.0 = Release|Any CPU
	EndGlobalSection
	GlobalSection(SolutionProperties) = preSolution
		HideSolutionNode = FALSE
	EndGlobalSection
	GlobalSection(ExtensibilityGlobals) = postSolution
		SolutionGuid = {8EB0E625-85AA-4F81-B51F-B4A4198D3465}
	EndGlobalSection
EndGlobal
